{
  "requires": true,
  "lockfileVersion": 1,
  "dependencies": {
    "@oasis-engine/core": {
      "version": "0.6.3",
      "resolved": "https://registry.npmjs.org/@oasis-engine/core/-/core-0.6.3.tgz",
      "integrity": "sha512-OduHtHwvpaPcntU53FIPXSD/dNz6tuoYwXbD1mUcyojpR4fVqruz+eayWW8jwI2vf8dTKB9qNw+8uNWvF+YBhw==",
      "requires": {
        "@oasis-engine/math": "0.6.3"
      }
    },
    "@oasis-engine/draco": {
      "version": "0.6.3",
      "resolved": "https://registry.npmjs.org/@oasis-engine/draco/-/draco-0.6.3.tgz",
      "integrity": "sha512-ZbQXT+Oj84KW1a7AO5uXCYUuhqTY/Py97nAcHg0Zk0Oeiyat/CfjtJQevghKziYforCRUvJyfLXjdBCkkdyQWA==",
      "requires": {
        "@oasis-engine/core": "0.6.3"
      }
    },
    "@oasis-engine/loader": {
      "version": "0.6.3",
      "resolved": "https://registry.npmjs.org/@oasis-engine/loader/-/loader-0.6.3.tgz",
      "integrity": "sha512-4mB/ru8NTYxamyx/L5JVyurNWLKbwuqRgpZ7n113AyFtRU1Lgg8rUTHUaGinkdzHUNOXkzJ/+sEtW/KB23J8XA==",
      "requires": {
        "@oasis-engine/core": "0.6.3",
        "@oasis-engine/draco": "0.6.3",
        "@oasis-engine/math": "0.6.3",
        "@oasis-engine/rhi-webgl": "0.6.3"
      }
    },
    "@oasis-engine/math": {
      "version": "0.6.3",
      "resolved": "https://registry.npmjs.org/@oasis-engine/math/-/math-0.6.3.tgz",
      "integrity": "sha512-T2/kll9M/H5UhaaihBI4JLkRipUTUhmTSLjr+MsN4F87lEIYlJkwjS9h3JsuHNL3onJbm1ojH4LYf99dwR2n4w=="
    },
    "@oasis-engine/rhi-webgl": {
      "version": "0.6.3",
      "resolved": "https://registry.npmjs.org/@oasis-engine/rhi-webgl/-/rhi-webgl-0.6.3.tgz",
      "integrity": "sha512-7WFkdT4Ar9pVV+XJFi3kKy1KEpbwdUqGfwtkdFQrevYuHFP28Oe1vmon1oAVTldXAY9ErJVj66PbD5qWn1U2AA==",
      "requires": {
        "@oasis-engine/core": "0.6.3",
        "@oasis-engine/math": "0.6.3"
      }
    }
  }
}
