{
	"name": "user-center",
	"version": "1.0.0",
	"lockfileVersion": 2,
	"requires": true,
	"packages": {
		"": {
			"version": "1.0.0",
			"license": "ISC",
			"dependencies": {
				"uni-pub": "file:../common/uni-pub"
			}
		},
		"../common/uni-pub": {
			"version": "1.0.0",
			"license": "ISC"
		},
		"node_modules/uni-pub": {
			"resolved": "../common/uni-pub",
			"link": true
		}
	},
	"dependencies": {
		"uni-pub": {
			"version": "file:../common/uni-pub"
		}
	}
}
